
Microsoft Visual Studio Solution File, Format Version 12.00
# Visual Studio Version 16
VisualStudioVersion = 16.0.30413.136
MinimumVisualStudioVersion = 10.0.40219.1
Project("{FAE04EC0-301F-11D3-BF4B-00C04F79EFBC}") = "StringForLoops", "StringForLoops\StringForLoops.csproj", "{E4B553FF-CFD3-4A67-84F2-AB66C1C56EFE}"
EndProject
Project("{FAE04EC0-301F-11D3-BF4B-00C04F79EFBC}") = "StringLength", "StringLength\StringLength.csproj", "{37AAD696-4DC1-421F-BD6A-CC3C83505201}"
EndProject
Project("{FAE04EC0-301F-11D3-BF4B-00C04F79EFBC}") = "AsInUserInput", "AsInUserInput\AsInUserInput.csproj", "{58D2A1C2-79B2-4794-B30B-4C106D45D694}"
EndProject
Project("{FAE04EC0-301F-11D3-BF4B-00C04F79EFBC}") = "LongestName", "LongestName\LongestName.csproj", "{734A1EEE-6CB4-49C5-863C-80E06137507D}"
EndProject
Global
	GlobalSection(SolutionConfigurationPlatforms) = preSolution
		Debug|Any CPU = Debug|Any CPU
		Release|Any CPU = Release|Any CPU
	EndGlobalSection
	GlobalSection(ProjectConfigurationPlatforms) = postSolution
		{E4B553FF-CFD3-4A67-84F2-AB66C1C56EFE}.Debug|Any CPU.ActiveCfg = Debug|Any CPU
		{E4B553FF-CFD3-4A67-84F2-AB66C1C56EFE}.Debug|Any CPU.Build.0 = Debug|Any CPU
		{E4B553FF-CFD3-4A67-84F2-AB66C1C56EFE}.Release|Any CPU.ActiveCfg = Release|Any CPU
		{E4B553FF-CFD3-4A67-84F2-AB66C1C56EFE}.Release|Any CPU.Build.0 = Release|Any CPU
		{37AAD696-4DC1-421F-BD6A-CC3C83505201}.Debug|Any CPU.ActiveCfg = Debug|Any CPU
		{37AAD696-4DC1-421F-BD6A-CC3C83505201}.Debug|Any CPU.Build.0 = Debug|Any CPU
		{37AAD696-4DC1-421F-BD6A-CC3C83505201}.Release|Any CPU.ActiveCfg = Release|Any CPU
		{37AAD696-4DC1-421F-BD6A-CC3C83505201}.Release|Any CPU.Build.0 = Release|Any CPU
		{58D2A1C2-79B2-4794-B30B-4C106D45D694}.Debug|Any CPU.ActiveCfg = Debug|Any CPU
		{58D2A1C2-79B2-4794-B30B-4C106D45D694}.Debug|Any CPU.Build.0 = Debug|Any CPU
		{58D2A1C2-79B2-4794-B30B-4C106D45D694}.Release|Any CPU.ActiveCfg = Release|Any CPU
		{58D2A1C2-79B2-4794-B30B-4C106D45D694}.Release|Any CPU.Build.0 = Release|Any CPU
		{734A1EEE-6CB4-49C5-863C-80E06137507D}.Debug|Any CPU.ActiveCfg = Debug|Any CPU
		{734A1EEE-6CB4-49C5-863C-80E06137507D}.Debug|Any CPU.Build.0 = Debug|Any CPU
		{734A1EEE-6CB4-49C5-863C-80E06137507D}.Release|Any CPU.ActiveCfg = Release|Any CPU
		{734A1EEE-6CB4-49C5-863C-80E06137507D}.Release|Any CPU.Build.0 = Release|Any CPU
	EndGlobalSection
	GlobalSection(SolutionProperties) = preSolution
		HideSolutionNode = FALSE
	EndGlobalSection
	GlobalSection(ExtensibilityGlobals) = postSolution
		SolutionGuid = {7BF0A6AF-51C8-4ECF-8430-9C00451125F7}
	EndGlobalSection
EndGlobal
